
Microsoft Visual Studio Solution File, Format Version 12.00
# Visual Studio Version 17
VisualStudioVersion = 17.14.37012.4
MinimumVisualStudioVersion = 10.0.40219.1
Project("{FAE04EC0-301F-11D3-BF4B-00C04F79EFBC}") = "Ejemplo de manejo de errores", "Ejemplo de manejo de errores\Ejemplo de manejo de errores.csproj", "{D5CC01C1-8C66-4D2B-B5BD-3EAE7751A882}"
EndProject
Project("{FAE04EC0-301F-11D3-BF4B-00C04F79EFBC}") = "Actividad 16_02", "Actividad 16_02\Actividad 16_02.csproj", "{C4F13F73-0072-4AC7-ACE5-19BDEE723600}"
EndProject
Project("{FAE04EC0-301F-11D3-BF4B-00C04F79EFBC}") = "Actividad 15_03", "Actividad 15_03\Actividad 15_03.csproj", "{C1CF3197-F42B-4388-B6EA-CA27DADEB838}"
EndProject
Project("{FAE04EC0-301F-11D3-BF4B-00C04F79EFBC}") = "Actividad 15_04", "Actividad 15_04\Actividad 15_04.csproj", "{9A270458-8D58-4749-B4EA-77AB211A0A8A}"
EndProject
Project("{FAE04EC0-301F-11D3-BF4B-00C04F79EFBC}") = "Actividad 15_05", "Actividad 15_05\Actividad 15_05.csproj", "{564F1453-E024-4224-B92D-33EF5E1A95CC}"
EndProject
Global
	GlobalSection(SolutionConfigurationPlatforms) = preSolution
		Debug|Any CPU = Debug|Any CPU
		Release|Any CPU = Release|Any CPU
	EndGlobalSection
	GlobalSection(ProjectConfigurationPlatforms) = postSolution
		{D5CC01C1-8C66-4D2B-B5BD-3EAE7751A882}.Debug|Any CPU.ActiveCfg = Debug|Any CPU
		{D5CC01C1-8C66-4D2B-B5BD-3EAE7751A882}.Debug|Any CPU.Build.0 = Debug|Any CPU
		{D5CC01C1-8C66-4D2B-B5BD-3EAE7751A882}.Release|Any CPU.ActiveCfg = Release|Any CPU
		{D5CC01C1-8C66-4D2B-B5BD-3EAE7751A882}.Release|Any CPU.Build.0 = Release|Any CPU
		{C4F13F73-0072-4AC7-ACE5-19BDEE723600}.Debug|Any CPU.ActiveCfg = Debug|Any CPU
		{C4F13F73-0072-4AC7-ACE5-19BDEE723600}.Debug|Any CPU.Build.0 = Debug|Any CPU
		{C4F13F73-0072-4AC7-ACE5-19BDEE723600}.Release|Any CPU.ActiveCfg = Release|Any CPU
		{C4F13F73-0072-4AC7-ACE5-19BDEE723600}.Release|Any CPU.Build.0 = Release|Any CPU
		{C1CF3197-F42B-4388-B6EA-CA27DADEB838}.Debug|Any CPU.ActiveCfg = Debug|Any CPU
		{C1CF3197-F42B-4388-B6EA-CA27DADEB838}.Debug|Any CPU.Build.0 = Debug|Any CPU
		{C1CF3197-F42B-4388-B6EA-CA27DADEB838}.Release|Any CPU.ActiveCfg = Release|Any CPU
		{C1CF3197-F42B-4388-B6EA-CA27DADEB838}.Release|Any CPU.Build.0 = Release|Any CPU
		{9A270458-8D58-4749-B4EA-77AB211A0A8A}.Debug|Any CPU.ActiveCfg = Debug|Any CPU
		{9A270458-8D58-4749-B4EA-77AB211A0A8A}.Debug|Any CPU.Build.0 = Debug|Any CPU
		{9A270458-8D58-4749-B4EA-77AB211A0A8A}.Release|Any CPU.ActiveCfg = Release|Any CPU
		{9A270458-8D58-4749-B4EA-77AB211A0A8A}.Release|Any CPU.Build.0 = Release|Any CPU
		{564F1453-E024-4224-B92D-33EF5E1A95CC}.Debug|Any CPU.ActiveCfg = Debug|Any CPU
		{564F1453-E024-4224-B92D-33EF5E1A95CC}.Debug|Any CPU.Build.0 = Debug|Any CPU
		{564F1453-E024-4224-B92D-33EF5E1A95CC}.Release|Any CPU.ActiveCfg = Release|Any CPU
		{564F1453-E024-4224-B92D-33EF5E1A95CC}.Release|Any CPU.Build.0 = Release|Any CPU
	EndGlobalSection
	GlobalSection(SolutionProperties) = preSolution
		HideSolutionNode = FALSE
	EndGlobalSection
	GlobalSection(ExtensibilityGlobals) = postSolution
		SolutionGuid = {653C05A4-B9ED-48F8-A3A8-C0AE99B93C8D}
	EndGlobalSection
EndGlobal
